// !$*UTF8*$!
{
	archiveVersion = 1;
	classes = {
	};
	objectVersion = 56;
	objects = {

/* Begin PBXBuildFile section */
		BB100EFD2939743000A9169B /* AppDelegate.swift in Sources */ = {isa = PBXBuildFile; fileRef = BB100EFC2939743000A9169B /* AppDelegate.swift */; };
		BB100EFF2939743000A9169B /* SceneDelegate.swift in Sources */ = {isa = PBXBuildFile; fileRef = BB100EFE2939743000A9169B /* SceneDelegate.swift */; };
		BB100F042939743000A9169B /* Main.storyboard in Resources */ = {isa = PBXBuildFile; fileRef = BB100F022939743000A9169B /* Main.storyboard */; };
		BB100F062939743200A9169B /* Assets.xcassets in Resources */ = {isa = PBXBuildFile; fileRef = BB100F052939743200A9169B /* Assets.xcassets */; };
		BB100F092939743200A9169B /* LaunchScreen.storyboard in Resources */ = {isa = PBXBuildFile; fileRef = BB100F072939743200A9169B /* LaunchScreen.storyboard */; };
		BB100F112939752700A9169B /* MovieList.swift in Sources */ = {isa = PBXBuildFile; fileRef = BB100F102939752700A9169B /* MovieList.swift */; };
		BB100F132939754F00A9169B /* Movies.swift in Sources */ = {isa = PBXBuildFile; fileRef = BB100F122939754F00A9169B /* Movies.swift */; };
		BB7DFB912939770F000E2A35 /* AddMovieVC.swift in Sources */ = {isa = PBXBuildFile; fileRef = BB7DFB902939770F000E2A35 /* AddMovieVC.swift */; };
		BB7DFB932939780F000E2A35 /* MovieListTableViewController.swift in Sources */ = {isa = PBXBuildFile; fileRef = BB7DFB922939780F000E2A35 /* MovieListTableViewController.swift */; };
/* End PBXBuildFile section */

/* Begin PBXFileReference section */
		BB100EF92939743000A9169B /* IOS-Assignment4.app */ = {isa = PBXFileReference; explicitFileType = wrapper.application; includeInIndex = 0; path = "IOS-Assignment4.app"; sourceTree = BUILT_PRODUCTS_DIR; };
		BB100EFC2939743000A9169B /* AppDelegate.swift */ = {isa = PBXFileReference; lastKnownFileType = sourcecode.swift; path = AppDelegate.swift; sourceTree = "<group>"; };
		BB100EFE2939743000A9169B /* SceneDelegate.swift */ = {isa = PBXFileReference; lastKnownFileType = sourcecode.swift; path = SceneDelegate.swift; sourceTree = "<group>"; };
		BB100F032939743000A9169B /* Base */ = {isa = PBXFileReference; lastKnownFileType = file.storyboard; name = Base; path = Base.lproj/Main.storyboard; sourceTree = "<group>"; };
		BB100F052939743200A9169B /* Assets.xcassets */ = {isa = PBXFileReference; lastKnownFileType = folder.assetcatalog; path = Assets.xcassets; sourceTree = "<group>"; };
		BB100F082939743200A9169B /* Base */ = {isa = PBXFileReference; lastKnownFileType = file.storyboard; name = Base; path = Base.lproj/LaunchScreen.storyboard; sourceTree = "<group>"; };
		BB100F0A2939743200A9169B /* Info.plist */ = {isa = PBXFileReference; lastKnownFileType = text.plist.xml; path = Info.plist; sourceTree = "<group>"; };
		BB100F102939752700A9169B /* MovieList.swift */ = {isa = PBXFileReference; lastKnownFileType = sourcecode.swift; path = MovieList.swift; sourceTree = "<group>"; };
		BB100F122939754F00A9169B /* Movies.swift */ = {isa = PBXFileReference; lastKnownFileType = sourcecode.swift; path = Movies.swift; sourceTree = "<group>"; };
		BB7DFB902939770F000E2A35 /* AddMovieVC.swift */ = {isa = PBXFileReference; lastKnownFileType = sourcecode.swift; path = AddMovieVC.swift; sourceTree = "<group>"; };
		BB7DFB922939780F000E2A35 /* MovieListTableViewController.swift */ = {isa = PBXFileReference; lastKnownFileType = sourcecode.swift; path = MovieListTableViewController.swift; sourceTree = "<group>"; };
/* End PBXFileReference section */

/* Begin PBXFrameworksBuildPhase section */
		BB100EF62939743000A9169B /* Frameworks */ = {
			isa = PBXFrameworksBuildPhase;
			buildActionMask = 2147483647;
			files = (
			);
			runOnlyForDeploymentPostprocessing = 0;
		};
/* End PBXFrameworksBuildPhase section */

/* Begin PBXGroup section */
		BB100EF02939743000A9169B = {
			isa = PBXGroup;
			children = (
				BB100EFB2939743000A9169B /* IOS-Assignment4 */,
				BB100EFA2939743000A9169B /* Products */,
			);
			sourceTree = "<group>";
		};
		BB100EFA2939743000A9169B /* Products */ = {
			isa = PBXGroup;
			children = (
				BB100EF92939743000A9169B /* IOS-Assignment4.app */,
			);
			name = Products;
			sourceTree = "<group>";
		};
		BB100EFB2939743000A9169B /* IOS-Assignment4 */ = {
			isa = PBXGroup;
			children = (
				BB100EFC2939743000A9169B /* AppDelegate.swift */,
				BB100EFE2939743000A9169B /* SceneDelegate.swift */,
				BB100F022939743000A9169B /* Main.storyboard */,
				BB100F052939743200A9169B /* Assets.xcassets */,
				BB100F072939743200A9169B /* LaunchScreen.storyboard */,
				BB100F0A2939743200A9169B /* Info.plist */,
				BB100F102939752700A9169B /* MovieList.swift */,
				BB100F122939754F00A9169B /* Movies.swift */,
				BB7DFB902939770F000E2A35 /* AddMovieVC.swift */,
				BB7DFB922939780F000E2A35 /* MovieListTableViewController.swift */,
			);
			path = "IOS-Assignment4";
			sourceTree = "<group>";
		};
/* End PBXGroup section */

/* Begin PBXNativeTarget section */
		BB100EF82939743000A9169B /* IOS-Assignment4 */ = {
			isa = PBXNativeTarget;
			buildConfigurationList = BB100F0D2939743200A9169B /* Build configuration list for PBXNativeTarget "IOS-Assignment4" */;
			buildPhases = (
				BB100EF52939743000A9169B /* Sources */,
				BB100EF62939743000A9169B /* Frameworks */,
				BB100EF72939743000A9169B /* Resources */,
			);
			buildRules = (
			);
			dependencies = (
			);
			name = "IOS-Assignment4";
			productName = "IOS-Assignment4";
			productReference = BB100EF92939743000A9169B /* IOS-Assignment4.app */;
			productType = "com.apple.product-type.application";
		};
/* End PBXNativeTarget section */

/* Begin PBXProject section */
		BB100EF12939743000A9169B /* Project object */ = {
			isa = PBXProject;
			attributes = {
				BuildIndependentTargetsInParallel = 1;
				LastSwiftUpdateCheck = 1410;
				LastUpgradeCheck = 1410;
				TargetAttributes = {
					BB100EF82939743000A9169B = {
						CreatedOnToolsVersion = 14.1;
					};
				};
			};
			buildConfigurationList = BB100EF42939743000A9169B /* Build configuration list for PBXProject "IOS-Assignment4" */;
			compatibilityVersion = "Xcode 14.0";
			developmentRegion = en;
			hasScannedForEncodings = 0;
			knownRegions = (
				en,
				Base,
			);
			mainGroup = BB100EF02939743000A9169B;
			productRefGroup = BB100EFA2939743000A9169B /* Products */;
			projectDirPath = "";
			projectRoot = "";
			targets = (
				BB100EF82939743000A9169B /* IOS-Assignment4 */,
			);
		};
/* End PBXProject section */

/* Begin PBXResourcesBuildPhase section */
		BB100EF72939743000A9169B /* Resources */ = {
			isa = PBXResourcesBuildPhase;
			buildActionMask = 2147483647;
			files = (
				BB100F092939743200A9169B /* LaunchScreen.storyboard in Resources */,
				BB100F062939743200A9169B /* Assets.xcassets in Resources */,
				BB100F042939743000A9169B /* Main.storyboard in Resources */,
			);
			runOnlyForDeploymentPostprocessing = 0;
		};
/* End PBXResourcesBuildPhase section */

/* Begin PBXSourcesBuildPhase section */
		BB100EF52939743000A9169B /* Sources */ = {
			isa = PBXSourcesBuildPhase;
			buildActionMask = 2147483647;
			files = (
				BB100F132939754F00A9169B /* Movies.swift in Sources */,
				BB100EFD2939743000A9169B /* AppDelegate.swift in Sources */,
				BB100F112939752700A9169B /* MovieList.swift in Sources */,
				BB100EFF2939743000A9169B /* SceneDelegate.swift in Sources */,
				BB7DFB932939780F000E2A35 /* MovieListTableViewController.swift in Sources */,
				BB7DFB912939770F000E2A35 /* AddMovieVC.swift in Sources */,
			);
			runOnlyForDeploymentPostprocessing = 0;
		};
/* End PBXSourcesBuildPhase section */

/* Begin PBXVariantGroup section */
		BB100F022939743000A9169B /* Main.storyboard */ = {
			isa = PBXVariantGroup;
			children = (
				BB100F032939743000A9169B /* Base */,
			);
			name = Main.storyboard;
			sourceTree = "<group>";
		};
		BB100F072939743200A9169B /* LaunchScreen.storyboard */ = {
			isa = PBXVariantGroup;
			children = (
				BB100F082939743200A9169B /* Base */,
			);
			name = LaunchScreen.storyboard;
			sourceTree = "<group>";
		};
/* End PBXVariantGroup section */

/* Begin XCBuildConfiguration section */
		BB100F0B2939743200A9169B /* Debug */ = {
			isa = XCBuildConfiguration;
			buildSettings = {
				ALWAYS_SEARCH_USER_PATHS = NO;
				CLANG_ANALYZER_NONNULL = YES;
				CLANG_ANALYZER_NUMBER_OBJECT_CONVERSION = YES_AGGRESSIVE;
				CLANG_CXX_LANGUAGE_STANDARD = "gnu++20";
				CLANG_ENABLE_MODULES = YES;
				CLANG_ENABLE_OBJC_ARC = YES;
				CLANG_ENABLE_OBJC_WEAK = YES;
				CLANG_WARN_BLOCK_CAPTURE_AUTORELEASING = YES;
				CLANG_WARN_BOOL_CONVERSION = YES;
				CLANG_WARN_COMMA = YES;
				CLANG_WARN_CONSTANT_CONVERSION = YES;
				CLANG_WARN_DEPRECATED_OBJC_IMPLEMENTATIONS = YES;
				CLANG_WARN_DIRECT_OBJC_ISA_USAGE = YES_ERROR;
				CLANG_WARN_DOCUMENTATION_COMMENTS = YES;
				CLANG_WARN_EMPTY_BODY = YES;
				CLANG_WARN_ENUM_CONVERSION = YES;
				CLANG_WARN_INFINITE_RECURSION = YES;
				CLANG_WARN_INT_CONVERSION = YES;
				CLANG_WARN_NON_LITERAL_NULL_CONVERSION = YES;
				CLANG_WARN_OBJC_IMPLICIT_RETAIN_SELF = YES;
				CLANG_WARN_OBJC_LITERAL_CONVERSION = YES;
				CLANG_WARN_OBJC_ROOT_CLASS = YES_ERROR;
				CLANG_WARN_QUOTED_INCLUDE_IN_FRAMEWORK_HEADER = YES;
				CLANG_WARN_RANGE_LOOP_ANALYSIS = YES;
				CLANG_WARN_STRICT_PROTOTYPES = YES;
				CLANG_WARN_SUSPICIOUS_MOVE = YES;
				CLANG_WARN_UNGUARDED_AVAILABILITY = YES_AGGRESSIVE;
				CLANG_WARN_UNREACHABLE_CODE = YES;
				CLANG_WARN__DUPLICATE_METHOD_MATCH = YES;
				COPY_PHASE_STRIP = NO;
				DEBUG_INFORMATION_FORMAT = dwarf;
				ENABLE_STRICT_OBJC_MSGSEND = YES;
				ENABLE_TESTABILITY = YES;
				GCC_C_LANGUAGE_STANDARD = gnu11;
				GCC_DYNAMIC_NO_PIC = NO;
				GCC_NO_COMMON_BLOCKS = YES;
				GCC_OPTIMIZATION_LEVEL = 0;
				GCC_PREPROCESSOR_DEFINITIONS = (
					"DEBUG=1",
					"$(inherited)",
				);
				GCC_WARN_64_TO_32_BIT_CONVERSION = YES;
				GCC_WARN_ABOUT_RETURN_TYPE = YES_ERROR;
				GCC_WARN_UNDECLARED_SELECTOR = YES;
				GCC_WARN_UNINITIALIZED_AUTOS = YES_AGGRESSIVE;
				GCC_WARN_UNUSED_FUNCTION = YES;
				GCC_WARN_UNUSED_VARIABLE = YES;
				IPHONEOS_DEPLOYMENT_TARGET = 16.1;
				MTL_ENABLE_DEBUG_INFO = INCLUDE_SOURCE;
				MTL_FAST_MATH = YES;
				ONLY_ACTIVE_ARCH = YES;
				SDKROOT = iphoneos;
				SWIFT_ACTIVE_COMPILATION_CONDITIONS = DEBUG;
				SWIFT_OPTIMIZATION_LEVEL = "-Onone";
			};
			name = Debug;
		};
		BB100F0C2939743200A9169B /* Release */ = {
			isa = XCBuildConfiguration;
			buildSettings = {
				ALWAYS_SEARCH_USER_PATHS = NO;
				CLANG_ANALYZER_NONNULL = YES;
				CLANG_ANALYZER_NUMBER_OBJECT_CONVERSION = YES_AGGRESSIVE;
				CLANG_CXX_LANGUAGE_STANDARD = "gnu++20";
				CLANG_ENABLE_MODULES = YES;
				CLANG_ENABLE_OBJC_ARC = YES;
				CLANG_ENABLE_OBJC_WEAK = YES;
				CLANG_WARN_BLOCK_CAPTURE_AUTORELEASING = YES;
				CLANG_WARN_BOOL_CONVERSION = YES;
				CLANG_WARN_COMMA = YES;
				CLANG_WARN_CONSTANT_CONVERSION = YES;
				CLANG_WARN_DEPRECATED_OBJC_IMPLEMENTATIONS = YES;
				CLANG_WARN_DIRECT_OBJC_ISA_USAGE = YES_ERROR;
				CLANG_WARN_DOCUMENTATION_COMMENTS = YES;
				CLANG_WARN_EMPTY_BODY = YES;
				CLANG_WARN_ENUM_CONVERSION = YES;
				CLANG_WARN_INFINITE_RECURSION = YES;
				CLANG_WARN_INT_CONVERSION = YES;
				CLANG_WARN_NON_LITERAL_NULL_CONVERSION = YES;
				CLANG_WARN_OBJC_IMPLICIT_RETAIN_SELF = YES;
				CLANG_WARN_OBJC_LITERAL_CONVERSION = YES;
				CLANG_WARN_OBJC_ROOT_CLASS = YES_ERROR;
				CLANG_WARN_QUOTED_INCLUDE_IN_FRAMEWORK_HEADER = YES;
				CLANG_WARN_RANGE_LOOP_ANALYSIS = YES;
				CLANG_WARN_STRICT_PROTOTYPES = YES;
				CLANG_WARN_SUSPICIOUS_MOVE = YES;
				CLANG_WARN_UNGUARDED_AVAILABILITY = YES_AGGRESSIVE;
				CLANG_WARN_UNREACHABLE_CODE = YES;
				CLANG_WARN__DUPLICATE_METHOD_MATCH = YES;
				COPY_PHASE_STRIP = NO;
				DEBUG_INFORMATION_FORMAT = "dwarf-with-dsym";
				ENABLE_NS_ASSERTIONS = NO;
				ENABLE_STRICT_OBJC_MSGSEND = YES;
				GCC_C_LANGUAGE_STANDARD = gnu11;
				GCC_NO_COMMON_BLOCKS = YES;
				GCC_WARN_64_TO_32_BIT_CONVERSION = YES;
				GCC_WARN_ABOUT_RETURN_TYPE = YES_ERROR;
				GCC_WARN_UNDECLARED_SELECTOR = YES;
				GCC_WARN_UNINITIALIZED_AUTOS = YES_AGGRESSIVE;
				GCC_WARN_UNUSED_FUNCTION = YES;
				GCC_WARN_UNUSED_VARIABLE = YES;
				IPHONEOS_DEPLOYMENT_TARGET = 16.1;
				MTL_ENABLE_DEBUG_INFO = NO;
				MTL_FAST_MATH = YES;
				SDKROOT = iphoneos;
				SWIFT_COMPILATION_MODE = wholemodule;
				SWIFT_OPTIMIZATION_LEVEL = "-O";
				VALIDATE_PRODUCT = YES;
			};
			name = Release;
		};
		BB100F0E2939743200A9169B /* Debug */ = {
			isa = XCBuildConfiguration;
			buildSettings = {
				ASSETCATALOG_COMPILER_APPICON_NAME = AppIcon;
				ASSETCATALOG_COMPILER_GLOBAL_ACCENT_COLOR_NAME = AccentColor;
				CODE_SIGN_STYLE = Automatic;
				CURRENT_PROJECT_VERSION = 1;
				DEVELOPMENT_TEAM = AB59Z4P87Y;
				GENERATE_INFOPLIST_FILE = YES;
				INFOPLIST_FILE = "IOS-Assignment4/Info.plist";
				INFOPLIST_KEY_UIApplicationSupportsIndirectInputEvents = YES;
				INFOPLIST_KEY_UILaunchStoryboardName = LaunchScreen;
				INFOPLIST_KEY_UIMainStoryboardFile = Main;
				INFOPLIST_KEY_UISupportedInterfaceOrientations_iPad = "UIInterfaceOrientationPortrait UIInterfaceOrientationPortraitUpsideDown UIInterfaceOrientationLandscapeLeft UIInterfaceOrientationLandscapeRight";
				INFOPLIST_KEY_UISupportedInterfaceOrientations_iPhone = "UIInterfaceOrientationPortrait UIInterfaceOrientationLandscapeLeft UIInterfaceOrientationLandscapeRight";
				LD_RUNPATH_SEARCH_PATHS = (
					"$(inherited)",
					"@executable_path/Frameworks",
				);
				MARKETING_VERSION = 1.0;
				PRODUCT_BUNDLE_IDENTIFIER = "Hannan-Max.IOS-Assignment4";
				PRODUCT_NAME = "$(TARGET_NAME)";
				SWIFT_EMIT_LOC_STRINGS = YES;
				SWIFT_VERSION = 5.0;
				TARGETED_DEVICE_FAMILY = "1,2";
			};
			name = Debug;
		};
		BB100F0F2939743200A9169B /* Release */ = {
			isa = XCBuildConfiguration;
			buildSettings = {
				ASSETCATALOG_COMPILER_APPICON_NAME = AppIcon;
				ASSETCATALOG_COMPILER_GLOBAL_ACCENT_COLOR_NAME = AccentColor;
				CODE_SIGN_STYLE = Automatic;
				CURRENT_PROJECT_VERSION = 1;
				DEVELOPMENT_TEAM = AB59Z4P87Y;
				GENERATE_INFOPLIST_FILE = YES;
				INFOPLIST_FILE = "IOS-Assignment4/Info.plist";
				INFOPLIST_KEY_UIApplicationSupportsIndirectInputEvents = YES;
				INFOPLIST_KEY_UILaunchStoryboardName = LaunchScreen;
				INFOPLIST_KEY_UIMainStoryboardFile = Main;
				INFOPLIST_KEY_UISupportedInterfaceOrientations_iPad = "UIInterfaceOrientationPortrait UIInterfaceOrientationPortraitUpsideDown UIInterfaceOrientationLandscapeLeft UIInterfaceOrientationLandscapeRight";
				INFOPLIST_KEY_UISupportedInterfaceOrientations_iPhone = "UIInterfaceOrientationPortrait UIInterfaceOrientationLandscapeLeft UIInterfaceOrientationLandscapeRight";
				LD_RUNPATH_SEARCH_PATHS = (
					"$(inherited)",
					"@executable_path/Frameworks",
				);
				MARKETING_VERSION = 1.0;
				PRODUCT_BUNDLE_IDENTIFIER = "Hannan-Max.IOS-Assignment4";
				PRODUCT_NAME = "$(TARGET_NAME)";
				SWIFT_EMIT_LOC_STRINGS = YES;
				SWIFT_VERSION = 5.0;
				TARGETED_DEVICE_FAMILY = "1,2";
			};
			name = Release;
		};
/* End XCBuildConfiguration section */

/* Begin XCConfigurationList section */
		BB100EF42939743000A9169B /* Build configuration list for PBXProject "IOS-Assignment4" */ = {
			isa = XCConfigurationList;
			buildConfigurations = (
				BB100F0B2939743200A9169B /* Debug */,
				BB100F0C2939743200A9169B /* Release */,
			);
			defaultConfigurationIsVisible = 0;
			defaultConfigurationName = Release;
		};
		BB100F0D2939743200A9169B /* Build configuration list for PBXNativeTarget "IOS-Assignment4" */ = {
			isa = XCConfigurationList;
			buildConfigurations = (
				BB100F0E2939743200A9169B /* Debug */,
				BB100F0F2939743200A9169B /* Release */,
			);
			defaultConfigurationIsVisible = 0;
			defaultConfigurationName = Release;
		};
/* End XCConfigurationList section */
	};
	rootObject = BB100EF12939743000A9169B /* Project object */;
}
